<?xml version="1.0" encoding="utf-8"?>
<Project ToolsVersion="4.0" xmlns="http://schemas.microsoft.com/developer/msbuild/2003">
  <ItemGroup>
    <Filter Include="Header Files">
      <UniqueIdentifier>{93995380-89BD-4b04-88EB-625FBE52EBFB}</UniqueIdentifier>
      <Extensions>h;hpp;hxx;hm;inl;inc;xsd</Extensions>
    </Filter>
    <Filter Include="Header Files\Shared">
      <UniqueIdentifier>{4e4a6a07-d337-42ef-975e-413637bbb864}</UniqueIdentifier>
    </Filter>
    <Filter Include="Source Files">
      <UniqueIdentifier>{4FC737F1-C7A5-4376-A066-2A32D752A2FF}</UniqueIdentifier>
      <Extensions>cpp;c;cc;cxx;def;odl;idl;hpj;bat;asm;asmx</Extensions>
    </Filter>
    <Filter Include="Source Files\Shared">
      <UniqueIdentifier>{82649680-6f01-4f4b-9016-33d2f9930b72}</UniqueIdentifier>
    </Filter>
    <Filter Include="Source Files\Submersible">
      <UniqueIdentifier>{39fe5f84-778e-4540-abb4-6fd4b92318aa}</UniqueIdentifier>
    </Filter>
    <Filter Include="Header Files\Submersible">
      <UniqueIdentifier>{436a3c9e-ae32-4490-a3c4-a6d79f1bf46c}</UniqueIdentifier>
    </Filter>
    <Filter Include="Header Files\Interfaces">
      <UniqueIdentifier>{1638c1cf-0868-49bb-a245-f91d398bc4ce}</UniqueIdentifier>
    </Filter>
    <Filter Include="Header Files\Utilities">
      <UniqueIdentifier>{d031aa7c-69f3-4ba6-aa5e-30cb13f3e63c}</UniqueIdentifier>
    </Filter>
    <Filter Include="Source Files\Utilities">
      <UniqueIdentifier>{b019de45-e935-454f-8f52-22cbdbf1f0fb}</UniqueIdentifier>
    </Filter>
  </ItemGroup>
  <ItemGroup>
    <ClInclude Include="header.h">
      <Filter>Header Files</Filter>
    </ClInclude>
    <ClInclude Include="BaseEngine.h">
      <Filter>Header Files\Shared</Filter>
    </ClInclude>
    <ClInclude Include="DisplayableObject.h">
      <Filter>Header Files\Shared</Filter>
    </ClInclude>
    <ClInclude Include="JPGImage.h">
      <Filter>Header Files\Shared</Filter>
    </ClInclude>
    <ClInclude Include="MovementPosition.h">
      <Filter>Header Files\Shared</Filter>
    </ClInclude>
    <ClInclude Include="templates.h">
      <Filter>Header Files\Shared</Filter>
    </ClInclude>
    <ClInclude Include="MyProjectMain.h">
      <Filter>Header Files</Filter>
    </ClInclude>
    <ClInclude Include="Submarine.h">
      <Filter>Header Files\Submersible</Filter>
    </ClInclude>
    <ClInclude Include="Terrain.h">
      <Filter>Header Files\Submersible</Filter>
    </ClInclude>
    <ClInclude Include="StatusBar.h">
      <Filter>Header Files\Submersible</Filter>
    </ClInclude>
    <ClInclude Include="IObservable.h">
      <Filter>Header Files\Interfaces</Filter>
    </ClInclude>
    <ClInclude Include="IObserver.h">
      <Filter>Header Files\Interfaces</Filter>
    </ClInclude>
    <ClInclude Include="Waves.h">
      <Filter>Header Files\Submersible</Filter>
    </ClInclude>
    <ClInclude Include="Collision.h">
      <Filter>Header Files\Utilities</Filter>
    </ClInclude>
    <ClInclude Include="NavalMine.h">
      <Filter>Header Files\Submersible</Filter>
    </ClInclude>
    <ClInclude Include="Image.h">
      <Filter>Header Files\Utilities</Filter>
    </ClInclude>
    <ClInclude Include="FontManager.h">
      <Filter>Header Files\Shared</Filter>
    </ClInclude>
    <ClInclude Include="GameObjectManager.h">
      <Filter>Header Files\Submersible</Filter>
    </ClInclude>
    <ClInclude Include="DialogBox.h">
      <Filter>Header Files\Submersible</Filter>
    </ClInclude>
    <ClInclude Include="GameObject.h">
      <Filter>Header Files\Submersible</Filter>
    </ClInclude>
    <ClInclude Include="Coin.h">
      <Filter>Header Files\Submersible</Filter>
    </ClInclude>
    <ClInclude Include="Flare.h">
      <Filter>Header Files\Submersible</Filter>
    </ClInclude>
    <ClInclude Include="Fuel.h">
      <Filter>Header Files\Submersible</Filter>
    </ClInclude>
    <ClInclude Include="Shark.h">
      <Filter>Header Files\Submersible</Filter>
    </ClInclude>
    <ClInclude Include="Torpedo.h">
      <Filter>Header Files\Submersible</Filter>
    </ClInclude>
  </ItemGroup>
  <ItemGroup>
    <ClCompile Include="mainfunction.cpp">
      <Filter>Source Files</Filter>
    </ClCompile>
    <ClCompile Include="BaseEngine.cpp">
      <Filter>Source Files\Shared</Filter>
    </ClCompile>
    <ClCompile Include="DisplayableObject.cpp">
      <Filter>Source Files\Shared</Filter>
    </ClCompile>
    <ClCompile Include="FontManager.cpp">
      <Filter>Source Files\Shared</Filter>
    </ClCompile>
    <ClCompile Include="JPGImage.cpp">
      <Filter>Source Files\Shared</Filter>
    </ClCompile>
    <ClCompile Include="MyProjectMain.cpp">
      <Filter>Source Files</Filter>
    </ClCompile>
    <ClCompile Include="Submarine.cpp">
      <Filter>Source Files\Submersible</Filter>
    </ClCompile>
    <ClCompile Include="Terrain.cpp">
      <Filter>Source Files\Submersible</Filter>
    </ClCompile>
    <ClCompile Include="StatusBar.cpp">
      <Filter>Source Files\Submersible</Filter>
    </ClCompile>
    <ClCompile Include="Waves.cpp">
      <Filter>Source Files\Submersible</Filter>
    </ClCompile>
    <ClCompile Include="Collision.cpp">
      <Filter>Source Files\Utilities</Filter>
    </ClCompile>
    <ClCompile Include="NavalMine.cpp">
      <Filter>Source Files\Submersible</Filter>
    </ClCompile>
    <ClCompile Include="GameObjectManager.cpp">
      <Filter>Source Files\Submersible</Filter>
    </ClCompile>
    <ClCompile Include="DialogBox.cpp">
      <Filter>Source Files\Submersible</Filter>
    </ClCompile>
    <ClCompile Include="Coin.cpp">
      <Filter>Source Files\Submersible</Filter>
    </ClCompile>
    <ClCompile Include="Flare.cpp">
      <Filter>Source Files\Submersible</Filter>
    </ClCompile>
    <ClCompile Include="Fuel.cpp">
      <Filter>Source Files\Submersible</Filter>
    </ClCompile>
    <ClCompile Include="Shark.cpp">
      <Filter>Source Files\Submersible</Filter>
    </ClCompile>
    <ClCompile Include="Torpedo.cpp">
      <Filter>Source Files\Submersible</Filter>
    </ClCompile>
  </ItemGroup>
</Project>